
Microsoft Visual Studio Solution File, Format Version 12.00
# Visual Studio Version 16
VisualStudioVersion = 16.0.29020.237
MinimumVisualStudioVersion = 10.0.40219.1
Project("{9A19103F-16F7-4668-BE54-9A1E7A4F7556}") = "FAuresco.RetryIt", "FAuresco.RetryIt\FAuresco.RetryIt.csproj", "{EF6FDD68-6F22-49BA-AF9B-0CC8DB489988}"
EndProject
Project("{9A19103F-16F7-4668-BE54-9A1E7A4F7556}") = "FAuresco.RetryIt.Tests", "FAuresco.RetryIt.Tests\FAuresco.RetryIt.Tests.csproj", "{D44ACCEA-E197-4908-A2F7-F7F37D6D4E5A}"
EndProject
Project("{2150E333-8FDC-42A3-9474-1A3956D46DE8}") = "Solution Items", "Solution Items", "{9D60C614-72F0-4C0B-B50A-73BF2AE4D914}"
	ProjectSection(SolutionItems) = preProject
		LICENSE = LICENSE
		README.md = README.md
	EndProjectSection
EndProject
Global
	GlobalSection(SolutionConfigurationPlatforms) = preSolution
		Debug|Any CPU = Debug|Any CPU
		Release|Any CPU = Release|Any CPU
	EndGlobalSection
	GlobalSection(ProjectConfigurationPlatforms) = postSolution
		{EF6FDD68-6F22-49BA-AF9B-0CC8DB489988}.Debug|Any CPU.ActiveCfg = Debug|Any CPU
		{EF6FDD68-6F22-49BA-AF9B-0CC8DB489988}.Debug|Any CPU.Build.0 = Debug|Any CPU
		{EF6FDD68-6F22-49BA-AF9B-0CC8DB489988}.Release|Any CPU.ActiveCfg = Release|Any CPU
		{EF6FDD68-6F22-49BA-AF9B-0CC8DB489988}.Release|Any CPU.Build.0 = Release|Any CPU
		{D44ACCEA-E197-4908-A2F7-F7F37D6D4E5A}.Debug|Any CPU.ActiveCfg = Debug|Any CPU
		{D44ACCEA-E197-4908-A2F7-F7F37D6D4E5A}.Debug|Any CPU.Build.0 = Debug|Any CPU
		{D44ACCEA-E197-4908-A2F7-F7F37D6D4E5A}.Release|Any CPU.ActiveCfg = Release|Any CPU
		{D44ACCEA-E197-4908-A2F7-F7F37D6D4E5A}.Release|Any CPU.Build.0 = Release|Any CPU
	EndGlobalSection
	GlobalSection(SolutionProperties) = preSolution
		HideSolutionNode = FALSE
	EndGlobalSection
	GlobalSection(ExtensibilityGlobals) = postSolution
		SolutionGuid = {8A14BDEA-8E57-4233-82C7-35A0A0818621}
	EndGlobalSection
EndGlobal
